{
    "_meta": {
        "hash": {
            "sha256": "072e3d1a758d243687dd6852cc2567fc3046190d54e2e63eec380ead53ccec9e"
        },
        "pipfile-spec": 6,
        "requires": {
            "python_version": "3.7"
        },
        "sources": [
            {
                "name": "pypi",
                "url": "https://pypi.org/simple",
                "verify_ssl": true
            }
        ]
    },
    "default": {
        "aiofiles": {
            "hashes": [
                "sha256:021ea0ba314a86027c166ecc4b4c07f2d40fc0f4b3a950d1868a0f2571c2bbee",
                "sha256:1e644c2573f953664368de28d2aa4c89dfd64550429d0c27c4680ccd3aa4985d"
            ],
            "version": "==0.4.0"
        },
        "gunicorn": {
            "hashes": [
                "sha256:aa8e0b40b4157b36a5df5e599f45c9c76d6af43845ba3b3b0efe2c70473c2471",
                "sha256:fa2662097c66f920f53f70621c6c58ca4a3c4d3434205e608e121b5b3b71f4f3"
            ],
            "index": "pypi",
            "version": "==19.9.0"
        },
        "httptools": {
            "hashes": [
                "sha256:04c7703bbef0e8ca28b09811547352b8c7c20549eab70dc24e536bb24fd2b7c5"
            ],
            "version": "==0.0.11"
        },
        "multidict": {
            "hashes": [
                "sha256:112eeeddd226af681dc82b756ed34aa7b6d98f9c4a15760050298c21d715473d",
                "sha256:13b64ecb692effcabc5e29569ba9b5eb69c35112f990a16d6833ec3a9d9f8ec0",
                "sha256:1725373fb8f18c2166f8e0e5789851ccf98453c849b403945fa4ef59a16ca44e",
                "sha256:2061a50b7cae60a1f987503a995b2fc38e47027a937a355a124306ed9c629041",
                "sha256:35b062288a9a478f627c520fd27983160fc97591017d170f966805b428d17e07",
                "sha256:467b134bcc227b91b8e2ef8d2931f28b50bf7eb7a04c0403d102ded22e66dbfc",
                "sha256:475a3ece8bb450e49385414ebfae7f8fdb33f62f1ac0c12935c1cfb1b7c1076a",
                "sha256:49b885287e227a24545a1126d9ac17ae43138610713dc6219b781cc0ad5c6dfc",
                "sha256:4c95b2725592adb5c46642be2875c1234c32af841732c5504c17726b92082021",
                "sha256:4ea7ed00f4be0f7335c9a2713a65ac3d986be789ce5ebc10821da9664cbe6b85",
                "sha256:5e2d5e1d999e941b4a626aea46bdc4206877cf727107fdaa9d46a8a773a6e49b",
                "sha256:8039c520ef7bb9ec7c3db3df14c570be6362f43c200ae9854d2422d4ffe175a4",
                "sha256:81459a0ebcca09c1fcb8fe887ed13cf267d9b60fe33718fc5fd1a2a1ab49470a",
                "sha256:847c3b7b9ca3268e883685dc1347a4d09f84de7bd7597310044d847590447492",
                "sha256:8551d1db45f0ca4e8ec99130767009a29a4e0dc6558a4a6808491bcd3472d325",
                "sha256:8fa7679ffe615e0c1c7b80946ab4194669be74848719adf2d7867b5e861eb073",
                "sha256:a42a36f09f0f907579ff0fde547f2fde8a739a69efe4a2728835979d2bb5e17b",
                "sha256:a5fcad0070685c5b2d04b468bf5f4c735f5c176432f495ad055fcc4bc0a79b23",
                "sha256:ae22195b2a7494619b73c01129ddcddc0dfaa9e42727404b1d9a77253da3f420",
                "sha256:b360e82bdbbd862e1ce2a41cc3bbd0ab614350e813ca74801b34aac0f73465aa",
                "sha256:b96417899344c5e96bef757f4963a72d02e52653a4e0f99bbea3a531cedac59f",
                "sha256:b9e921140b797093edfc13ac08dc2a4fd016dd711dc42bb0e1aaf180e48425a7",
                "sha256:c5022b94fc330e6d177f3eb38097fb52c7df96ca0e04842c068cf0d9fc38b1e6",
                "sha256:cf2b117f2a8d951638efc7592fb72d3eeb2d38cc2194c26ba7f00e7190451d92",
                "sha256:d79620b542d9d0e23ae9790ca2fe44f1af40ffad9936efa37bd14954bc3e2818",
                "sha256:e2860691c11d10dac7c91bddae44f6211b3da4122d9a2ebb509c2247674d6070",
                "sha256:e3a293553715afecf7e10ea02da40593f9d7f48fe48a74fc5dd3ce08a0c46188",
                "sha256:e465be3fe7e992e5a6e16731afa6f41cb6ca53afccb4f28ea2fa6457783edf15",
                "sha256:e6d27895ef922bc859d969452f247bfbe5345d9aba69b9c8dbe1ea7704f0c5d9"
            ],
            "markers": "python_version >= '3.4.1'",
            "version": "==4.4.0"
        },
        "sanic": {
            "hashes": [
                "sha256:46edab6676bd3b2dda12b70c0f6103c224005a0be83091aac5cd618733fcedfd",
                "sha256:7d322ca90a5c452dc87c52d0ec9627d52154f0d7fd8b985eb2fa1abe7de8d7d2"
            ],
            "index": "pypi",
            "version": "==0.8.1"
        },
        "ujson": {
            "hashes": [
                "sha256:f66073e5506e91d204ab0c614a148d5aa938bdbf104751be66f8ad7a222f5f86"
            ],
            "markers": "sys_platform != 'win32' and implementation_name == 'cpython'",
            "version": "==1.35"
        },
        "uvloop": {
            "hashes": [
                "sha256:0657ebcccb261bdd0a360c83dbc6c1218f13cf5c1a3f381bca68ba5977bb6e5a",
                "sha256:089b3513db7f2122ac00a9ce18be879d626a566537c93bbcbb54053e3f24acf5",
                "sha256:251744b1bb162577db2e48cccb28ec9bad4126591471e6ba63dcbe71abc1c741",
                "sha256:4076d40ae0b7557d5982ffe726b153c947a4d70725080ead0121006bdb9f7431",
                "sha256:58d6978112ff292cedf2fd754c8085c9a8c6b98737b8ab3cda3d2a081977a91e",
                "sha256:a97bd62ebbdf7e6e84bf44afe439d9b24ce4d8661a29a639626a8c03748f6f98",
                "sha256:c2e04cab3e2c71d79002a814a243bc42f0253eb761b1f3af989d38ec8142532c",
                "sha256:cbab9f6de63b10fc4991cbf9a720a8ceecfba501f5571f35fc3a74c76223ea66",
                "sha256:d3818242d174a326ea49e2e8f7c1e448432ce17ecb31aeb5084600950857b663",
                "sha256:f2ffcaa13a5e279d0b3296cd6c691df39876cc818482168a80edd3b0e5deef57"
            ],
            "markers": "sys_platform != 'win32' and implementation_name == 'cpython'",
            "version": "==0.11.2"
        },
        "websockets": {
            "hashes": [
                "sha256:0b7b561bcbf992edd54e961b89551b5b6073415a0446fe445bd6554d41dabb95",
                "sha256:2469c98f2254878a49a6eda248d3ed8a89bbdca85cc316ff72ea15924cec9e1f",
                "sha256:29b676568e4fcb1a05064473b96243ef4e9391f251b4c485cf7f93507787b459",
                "sha256:2a05e42400de009c1c330167cd6d90b300d2364d2dd1e6539d01a6a22901967b",
                "sha256:39241fb291c1648e33dc41208be876a5771466291f0f6f7bff8f6732373084bd",
                "sha256:43c332fc331541c57d40c124089b270d668c25a6b04908bd688969375db7327f",
                "sha256:480259ec6e80f28859f23b5c231beb856fb96ab30e64ee621fdaf27da1515604",
                "sha256:9049ec652713f5132b512d3498c2d37264580714ccc95dbc0f7f9622c3f6da7e",
                "sha256:a17c45716178a42cc8f66f587507f01e169a75556749d88f714e4c1d295885d1",
                "sha256:a49d315db5a7a19d55422e1678e8a1c3b9661d7296bef3179fa620cf80b12674",
                "sha256:a911beb8149d7dae9d4c942927c448c05c41dfaa9c002a6bc26e269df932769b",
                "sha256:cf34479130704797ce28a478f0b5985abe71ea90999a1c956e15fe0b0b11d0dc",
                "sha256:d3724acff61ee1029fefc614cf005982338b033998a0b71fbb13a0a2fd99ab6f"
            ],
            "markers": "python_version >= '3.4'",
            "version": "==5.0.1"
        }
    },
    "develop": {}
}
